
Microsoft Visual Studio Solution File, Format Version 12.00
# Visual Studio Version 16
VisualStudioVersion = 16.0.30011.22
MinimumVisualStudioVersion = 10.0.40219.1
Project("{FAE04EC0-301F-11D3-BF4B-00C04F79EFBC}") = "StdHMS", "StdHMS\StdHMS.csproj", "{990DD0FF-8B6F-4EFC-9C1E-7919D6B830CD}"
EndProject
Global
	GlobalSection(SolutionConfigurationPlatforms) = preSolution
		Debug|Any CPU = Debug|Any CPU
		Release|Any CPU = Release|Any CPU
	EndGlobalSection
	GlobalSection(ProjectConfigurationPlatforms) = postSolution
		{990DD0FF-8B6F-4EFC-9C1E-7919D6B830CD}.Debug|Any CPU.ActiveCfg = Debug|Any CPU
		{990DD0FF-8B6F-4EFC-9C1E-7919D6B830CD}.Debug|Any CPU.Build.0 = Debug|Any CPU
		{990DD0FF-8B6F-4EFC-9C1E-7919D6B830CD}.Release|Any CPU.ActiveCfg = Release|Any CPU
		{990DD0FF-8B6F-4EFC-9C1E-7919D6B830CD}.Release|Any CPU.Build.0 = Release|Any CPU
	EndGlobalSection
	GlobalSection(SolutionProperties) = preSolution
		HideSolutionNode = FALSE
	EndGlobalSection
	GlobalSection(ExtensibilityGlobals) = postSolution
		SolutionGuid = {6EEDA3E4-88A8-4BF9-B77C-AFD522A40C57}
	EndGlobalSection
EndGlobal
